
Microsoft Visual Studio Solution File, Format Version 12.00
Project("{FAE04EC0-301F-11D3-BF4B-00C04F79EFBC}") = "shop_2.0", "shop_2.0\shop_2.0.csproj", "{F58D2475-0E56-411A-8913-50E355EB1BB5}"
EndProject
Global
	GlobalSection(SolutionConfigurationPlatforms) = preSolution
		Debug|Any CPU = Debug|Any CPU
		Release|Any CPU = Release|Any CPU
	EndGlobalSection
	GlobalSection(ProjectConfigurationPlatforms) = postSolution
		{F58D2475-0E56-411A-8913-50E355EB1BB5}.Debug|Any CPU.ActiveCfg = Debug|Any CPU
		{F58D2475-0E56-411A-8913-50E355EB1BB5}.Debug|Any CPU.Build.0 = Debug|Any CPU
		{F58D2475-0E56-411A-8913-50E355EB1BB5}.Release|Any CPU.ActiveCfg = Release|Any CPU
		{F58D2475-0E56-411A-8913-50E355EB1BB5}.Release|Any CPU.Build.0 = Release|Any CPU
	EndGlobalSection
EndGlobal
